
Microsoft Visual Studio Solution File, Format Version 12.00
# Visual Studio 15
Project("{FAE04EC0-301F-11D3-BF4B-00C04F79EFBC}") = "Assembly-CSharp", "Assembly-CSharp.csproj", "{89A2B195-03DE-0319-73EE-5DA563F696FE}"
EndProject
Project("{FAE04EC0-301F-11D3-BF4B-00C04F79EFBC}") = "Assembly-CSharp-Editor", "Assembly-CSharp-Editor.csproj", "{56595B7D-42EF-DA21-E843-9865F066D47C}"
EndProject
Global
	GlobalSection(SolutionConfigurationPlatforms) = preSolution
		Debug|Any CPU = Debug|Any CPU
		Release|Any CPU = Release|Any CPU
	EndGlobalSection
	GlobalSection(ProjectConfigurationPlatforms) = postSolution
		{89A2B195-03DE-0319-73EE-5DA563F696FE}.Debug|Any CPU.ActiveCfg = Debug|Any CPU
		{89A2B195-03DE-0319-73EE-5DA563F696FE}.Debug|Any CPU.Build.0 = Debug|Any CPU
		{89A2B195-03DE-0319-73EE-5DA563F696FE}.Release|Any CPU.ActiveCfg = Release|Any CPU
		{89A2B195-03DE-0319-73EE-5DA563F696FE}.Release|Any CPU.Build.0 = Release|Any CPU
		{56595B7D-42EF-DA21-E843-9865F066D47C}.Debug|Any CPU.ActiveCfg = Debug|Any CPU
		{56595B7D-42EF-DA21-E843-9865F066D47C}.Debug|Any CPU.Build.0 = Debug|Any CPU
		{56595B7D-42EF-DA21-E843-9865F066D47C}.Release|Any CPU.ActiveCfg = Release|Any CPU
		{56595B7D-42EF-DA21-E843-9865F066D47C}.Release|Any CPU.Build.0 = Release|Any CPU
	EndGlobalSection
	GlobalSection(SolutionProperties) = preSolution
		HideSolutionNode = FALSE
	EndGlobalSection
EndGlobal
